
Microsoft Visual Studio Solution File, Format Version 12.00
# Visual Studio Version 17
VisualStudioVersion = 17.3.32825.248
MinimumVisualStudioVersion = 10.0.40219.1
Project("{FAE04EC0-301F-11D3-BF4B-00C04F79EFBC}") = "CA220926_2", "CA220926_2.csproj", "{2CBBEB33-CA55-4B5C-AC7E-7DE128AAF65B}"
EndProject
Global
	GlobalSection(SolutionConfigurationPlatforms) = preSolution
		Debug|Any CPU = Debug|Any CPU
		Release|Any CPU = Release|Any CPU
	EndGlobalSection
	GlobalSection(ProjectConfigurationPlatforms) = postSolution
		{2CBBEB33-CA55-4B5C-AC7E-7DE128AAF65B}.Debug|Any CPU.ActiveCfg = Debug|Any CPU
		{2CBBEB33-CA55-4B5C-AC7E-7DE128AAF65B}.Debug|Any CPU.Build.0 = Debug|Any CPU
		{2CBBEB33-CA55-4B5C-AC7E-7DE128AAF65B}.Release|Any CPU.ActiveCfg = Release|Any CPU
		{2CBBEB33-CA55-4B5C-AC7E-7DE128AAF65B}.Release|Any CPU.Build.0 = Release|Any CPU
	EndGlobalSection
	GlobalSection(SolutionProperties) = preSolution
		HideSolutionNode = FALSE
	EndGlobalSection
	GlobalSection(ExtensibilityGlobals) = postSolution
		SolutionGuid = {67B040DF-8A1B-4AE4-91F0-42023901B3EB}
	EndGlobalSection
EndGlobal
